{
  "requires": true,
  "lockfileVersion": 1,
  "dependencies": {
    "@hmscore/hms-js-base": {
      "version": "6.1.0-300",
      "resolved": "https://repo.huaweicloud.com/repository/npm/@hmscore/hms-js-base/-/hms-js-base-6.1.0-300.tgz",
      "integrity": "sha512-w2Be2oDYZS8myXazgvGtDFashYh6CoH1t1XaPiaMzFa6+o0x+HxNv8UceUARt7eBq6+H8/87N35qT5Y4I1v6HQ=="
    },
    "@hw-hmscore/hms-iap": {
      "version": "6.0.0-301",
      "resolved": "https://repo.huaweicloud.com/repository/npm/@hw-hmscore/hms-iap/-/hms-iap-6.0.0-301.tgz",
      "integrity": "sha512-iJtv62QMo6K4RqWJRK6xpJ1h/Y1zHHEndhtRcvm40itwWaJqChB6v8IYevF92NWBanbXQ1zQROp/A+ee0HNFzw=="
    },
    "@hw-hmscore/hms-js-base": {
      "version": "6.5.0-300",
      "resolved": "https://repo.huaweicloud.com/repository/npm/@hw-hmscore/hms-js-base/-/hms-js-base-6.5.0-300.tgz",
      "integrity": "sha512-E+jzLkdrNj1wfvklD7py8etsDRmwzRCmNIBitWWOLegiKFG602ug8mk/EkXeAiR9ckIUN2TTKD0krCWdu+TUaQ=="
    }
  }
}
